
Microsoft Visual Studio Solution File, Format Version 12.00
# Visual Studio 14
VisualStudioVersion = 14.0.25420.1
MinimumVisualStudioVersion = 10.0.40219.1
Project("{FAE04EC0-301F-11D3-BF4B-00C04F79EFBC}") = "Core", "Core\Core.csproj", "{E85F458A-1BD8-46DF-A9E6-2856F9A9F02A}"
EndProject
Project("{FAE04EC0-301F-11D3-BF4B-00C04F79EFBC}") = "Tests", "Tests\Tests.csproj", "{179260B1-445B-4AF1-A292-96130B9A4F99}"
EndProject
Project("{2150E333-8FDC-42A3-9474-1A3956D46DE8}") = "Solution Items", "Solution Items", "{1AE10A62-441F-466F-82BF-62A3D7AD6C1A}"
	ProjectSection(SolutionItems) = preProject
		README.md = README.md
	EndProjectSection
EndProject
Project("{FAE04EC0-301F-11D3-BF4B-00C04F79EFBC}") = "ConsoleApplication", "ConsoleApplication\ConsoleApplication.csproj", "{24C43ECE-886E-4834-9739-464437694109}"
EndProject
Project("{2150E333-8FDC-42A3-9474-1A3956D46DE8}") = "UI", "UI", "{CF1E2ED9-B09B-49F0-AD8E-30E9CE7D5C7D}"
EndProject
Project("{FAE04EC0-301F-11D3-BF4B-00C04F79EFBC}") = "DraughtsPlayer", "DraughtsPlayer\DraughtsPlayer.csproj", "{56A3A257-A192-4D81-9798-D7BD15931A8D}"
EndProject
Global
	GlobalSection(SolutionConfigurationPlatforms) = preSolution
		Debug|Any CPU = Debug|Any CPU
		Release|Any CPU = Release|Any CPU
	EndGlobalSection
	GlobalSection(ProjectConfigurationPlatforms) = postSolution
		{E85F458A-1BD8-46DF-A9E6-2856F9A9F02A}.Debug|Any CPU.ActiveCfg = Debug|Any CPU
		{E85F458A-1BD8-46DF-A9E6-2856F9A9F02A}.Debug|Any CPU.Build.0 = Debug|Any CPU
		{E85F458A-1BD8-46DF-A9E6-2856F9A9F02A}.Release|Any CPU.ActiveCfg = Release|Any CPU
		{E85F458A-1BD8-46DF-A9E6-2856F9A9F02A}.Release|Any CPU.Build.0 = Release|Any CPU
		{179260B1-445B-4AF1-A292-96130B9A4F99}.Debug|Any CPU.ActiveCfg = Debug|Any CPU
		{179260B1-445B-4AF1-A292-96130B9A4F99}.Debug|Any CPU.Build.0 = Debug|Any CPU
		{179260B1-445B-4AF1-A292-96130B9A4F99}.Release|Any CPU.ActiveCfg = Release|Any CPU
		{179260B1-445B-4AF1-A292-96130B9A4F99}.Release|Any CPU.Build.0 = Release|Any CPU
		{24C43ECE-886E-4834-9739-464437694109}.Debug|Any CPU.ActiveCfg = Debug|Any CPU
		{24C43ECE-886E-4834-9739-464437694109}.Debug|Any CPU.Build.0 = Debug|Any CPU
		{24C43ECE-886E-4834-9739-464437694109}.Release|Any CPU.ActiveCfg = Release|Any CPU
		{24C43ECE-886E-4834-9739-464437694109}.Release|Any CPU.Build.0 = Release|Any CPU
		{56A3A257-A192-4D81-9798-D7BD15931A8D}.Debug|Any CPU.ActiveCfg = Debug|Any CPU
		{56A3A257-A192-4D81-9798-D7BD15931A8D}.Debug|Any CPU.Build.0 = Debug|Any CPU
		{56A3A257-A192-4D81-9798-D7BD15931A8D}.Release|Any CPU.ActiveCfg = Release|Any CPU
		{56A3A257-A192-4D81-9798-D7BD15931A8D}.Release|Any CPU.Build.0 = Release|Any CPU
	EndGlobalSection
	GlobalSection(SolutionProperties) = preSolution
		HideSolutionNode = FALSE
	EndGlobalSection
	GlobalSection(NestedProjects) = preSolution
		{56A3A257-A192-4D81-9798-D7BD15931A8D} = {CF1E2ED9-B09B-49F0-AD8E-30E9CE7D5C7D}
	EndGlobalSection
EndGlobal
